{
  "name": "iroh-relay-ws-host",
  "version": "0.0.1",
  "lockfileVersion": 3,
  "requires": true,
  "packages": {
    "": {
      "name": "iroh-relay-ws-host",
      "version": "0.0.1",
      "devDependencies": {
        "@bytecodealliance/jco-transpile": "file:../../../.deps/jco/packages/jco-transpile",
        "playwright": "^1.62.1"
      }
    },
    "../../../.deps/jco/packages/jco-transpile": {
      "name": "@bytecodealliance/jco-transpile",
      "version": "0.6.2",
      "dev": true,
      "license": "(Apache-2.0 WITH LLVM-exception)",
      "dependencies": {
        "@bytecodealliance/preview2-shim": "^0.20.1",
        "@bytecodealliance/preview3-shim": "^0.2.2",
        "binaryen": "^130.0.0",
        "oxc-minify": "^0.136.0"
      },
      "devDependencies": {
        "@bytecodealliance/componentize-js": "catalog:",
        "@npmcli/run-script": "^10.0.2",
        "@types/node": "^24.12.4",
        "mime": "catalog:",
        "puppeteer": "catalog:",
        "typescript": "catalog:",
        "vite": "^7.1.5",
        "vitest": "^4.0.7",
        "which": "catalog:"
      }
    },
    "node_modules/@bytecodealliance/jco-transpile": {
      "resolved": "../../../.deps/jco/packages/jco-transpile",
      "link": true
    },
    "node_modules/fsevents": {
      "version": "2.3.2",
      "resolved": "https://registry.npmjs.org/fsevents/-/fsevents-2.3.2.tgz",
      "integrity": "sha512-xiqMQR4xAeHTuB9uWm+fFRcIOgKBMiOBP+eXiyT7jsgVCq1bkVygt00oASowB7EdtpOHaaPgKt812P9ab+DDKA==",
      "dev": true,
      "hasInstallScript": true,
      "license": "MIT",
      "optional": true,
      "os": [
        "darwin"
      ],
      "engines": {
        "node": "^8.16.0 || ^10.6.0 || >=11.0.0"
      }
    },
    "node_modules/playwright": {
      "version": "1.62.1",
      "resolved": "https://registry.npmjs.org/playwright/-/playwright-1.62.1.tgz",
      "integrity": "sha512-0M+L3LAD8/nm554LOla9Ayx0j0tmFZ0FBcoQ7F1VuVHpM/XpiC8RcDzBQB8W5+hA8L22THxELzeF+2WcUzvcLg==",
      "dev": true,
      "license": "Apache-2.0",
      "dependencies": {
        "playwright-core": "1.62.1"
      },
      "bin": {
        "playwright": "cli.js"
      },
      "engines": {
        "node": ">=20"
      },
      "optionalDependencies": {
        "fsevents": "2.3.2"
      }
    },
    "node_modules/playwright-core": {
      "version": "1.62.1",
      "resolved": "https://registry.npmjs.org/playwright-core/-/playwright-core-1.62.1.tgz",
      "integrity": "sha512-wPYSwEBJY9GHraISXqyqtx0na0LpO3XEX7jNDhntbex7tzUS7kLnZsOlFruFJB4Hi/rhDMjXGqHewDZ68nYZVw==",
      "dev": true,
      "license": "Apache-2.0",
      "bin": {
        "playwright-core": "cli.js"
      },
      "engines": {
        "node": ">=20"
      }
    }
  }
}
