{
  "name": "iroh-relay-ws-host",
  "version": "0.0.1",
  "lockfileVersion": 3,
  "requires": true,
  "packages": {
    "": {
      "name": "iroh-relay-ws-host",
      "version": "0.0.1",
      "devDependencies": {
        "@bytecodealliance/jco-transpile": "file:../../../.deps/jco/packages/jco-transpile"
      }
    },
    "../../../.deps/jco/packages/jco-transpile": {
      "name": "@bytecodealliance/jco-transpile",
      "version": "0.6.2",
      "dev": true,
      "license": "(Apache-2.0 WITH LLVM-exception)",
      "dependencies": {
        "@bytecodealliance/preview2-shim": "^0.20.1",
        "@bytecodealliance/preview3-shim": "^0.2.2",
        "binaryen": "^130.0.0",
        "oxc-minify": "^0.136.0"
      },
      "devDependencies": {
        "@bytecodealliance/componentize-js": "catalog:",
        "@npmcli/run-script": "^10.0.2",
        "@types/node": "^24.12.4",
        "mime": "catalog:",
        "puppeteer": "catalog:",
        "typescript": "catalog:",
        "vite": "^7.1.5",
        "vitest": "^4.0.7",
        "which": "catalog:"
      }
    },
    "node_modules/@bytecodealliance/jco-transpile": {
      "resolved": "../../../.deps/jco/packages/jco-transpile",
      "link": true
    }
  }
}
